{
  "requires": true,
  "lockfileVersion": 1,
  "dependencies": {
    "@babel/runtime": {
      "version": "7.9.2",
      "resolved": "https://registry.npmjs.org/@babel/runtime/-/runtime-7.9.2.tgz",
      "integrity": "sha512-NE2DtOdufG7R5vnfQUTehdTfNycfUANEtCa9PssN9O/xmTzP4E08UI797ixaei6hBEVL9BI/PsdJS5x7mWoB9Q==",
      "requires": {
        "regenerator-runtime": "^0.13.4"
      },
      "dependencies": {
        "regenerator-runtime": {
          "version": "0.13.5",
          "resolved": "https://registry.npmjs.org/regenerator-runtime/-/regenerator-runtime-0.13.5.tgz",
          "integrity": "sha512-ZS5w8CpKFinUzOwW3c83oPeVXoNsrLsaCoLtJvAClH135j/R77RuymhiSErhm2lKcwSCIpmvIWSbDkIfAqKQlA=="
        }
      }
    },
    "aac": {
      "version": "0.1.3",
      "resolved": "https://registry.npmjs.org/aac/-/aac-0.1.3.tgz",
      "integrity": "sha1-61a2t7BzzIxDstsCfbrTMHPhSkg="
    },
    "abc": {
      "version": "0.5.1",
      "resolved": "https://registry.npmjs.org/abc/-/abc-0.5.1.tgz",
      "integrity": "sha1-VuaktW7WkarakEmnrTiCWJLsYbM="
    },
    "add-dom-event-listener": {
      "version": "1.1.0",
      "resolved": "https://registry.npmjs.org/add-dom-event-listener/-/add-dom-event-listener-1.1.0.tgz",
      "integrity": "sha512-WCxx1ixHT0GQU9hb0KI/mhgRQhnU+U3GvwY6ZvVjYq8rsihIGoaIOUbY0yMPBxLH5MDtr0kz3fisWGNcbWW7Jw==",
      "requires": {
        "object-assign": "4.x"
      }
    },
    "alac": {
      "version": "0.1.0",
      "resolved": "https://registry.npmjs.org/alac/-/alac-0.1.0.tgz",
      "integrity": "sha1-2hvzvV0IAdAZ/DicTK+Mq4W6/RM="
    },
    "ansi-regex": {
      "version": "2.1.1",
      "resolved": "https://registry.npmjs.org/ansi-regex/-/ansi-regex-2.1.1.tgz",
      "integrity": "sha1-w7M6te42DYbg5ijwRorn7yfWVN8="
    },
    "ansi-styles": {
      "version": "2.2.1",
      "resolved": "https://registry.npmjs.org/ansi-styles/-/ansi-styles-2.2.1.tgz",
      "integrity": "sha1-tDLdM1i2NM914eRmQ2gkBTPB3b4="
    },
    "assertion-error": {
      "version": "1.0.0",
      "resolved": "https://registry.npmjs.org/assertion-error/-/assertion-error-1.0.0.tgz",
      "integrity": "sha1-x/hUOP3UZrx8oWq5DIFRN5el0js="
    },
    "async": {
      "version": "0.9.2",
      "resolved": "https://registry.npmjs.org/async/-/async-0.9.2.tgz",
      "integrity": "sha1-rqdNXmHB+JlhO/ZL2mbUx48v0X0="
    },
    "audio-context": {
      "version": "1.0.3",
      "resolved": "https://registry.npmjs.org/audio-context/-/audio-context-1.0.3.tgz",
      "integrity": "sha512-RH3/rM74f2ITlohhjgC7oYZVS97wtv/SEjXLCzEinnrIPIDxc39m2aFc6wmdkM0NYRKo1DMleYPMAIbnTRW0eA=="
    },
    "audiobuffer": {
      "version": "0.2.0",
      "resolved": "https://registry.npmjs.org/audiobuffer/-/audiobuffer-0.2.0.tgz",
      "integrity": "sha1-fPLfMHAarBhDM+r56O47AYMMhho=",
      "requires": {
        "underscore": "1.4.x"
      },
      "dependencies": {
        "underscore": {
          "version": "1.4.4",
          "resolved": "https://registry.npmjs.org/underscore/-/underscore-1.4.4.tgz",
          "integrity": "sha1-YaajIBBiKvoHljvzJSA88SI51gQ="
        }
      }
    },
    "automation-events": {
      "version": "2.0.5",
      "resolved": "https://registry.npmjs.org/automation-events/-/automation-events-2.0.5.tgz",
      "integrity": "sha512-z8xGgGJd9LyYj0qw78B03cOijK2vnsUIndGg+1TdgRqYLDVCbVYUQXNz/HojihXMwmvCdokZBjAZoEDFkpU5+g==",
      "requires": {
        "@babel/runtime": "^7.9.2",
        "tslib": "^1.11.1"
      }
    },
    "av": {
      "version": "0.4.9",
      "resolved": "https://registry.npmjs.org/av/-/av-0.4.9.tgz",
      "integrity": "sha1-jHFl9zlYClQeyVBxQjSSs//cbiA=",
      "requires": {
        "coffeeify": "^0.6.0",
        "speaker": "^0.3.0"
      }
    },
    "babel-runtime": {
      "version": "6.26.0",
      "resolved": "https://registry.npmjs.org/babel-runtime/-/babel-runtime-6.26.0.tgz",
      "integrity": "sha1-llxwWGaOgrVde/4E/yM3vItWR/4=",
      "requires": {
        "core-js": "^2.4.0",
        "regenerator-runtime": "^0.11.0"
      }
    },
    "bindings": {
      "version": "1.5.0",
      "resolved": "https://registry.npmjs.org/bindings/-/bindings-1.5.0.tgz",
      "integrity": "sha512-p2q/t/mhvuOj/UeLlV6566GD/guowlr0hHxClI0W9m7MWYkL1F0hLo+0Aexs9HSPCtR1SXQ0TD3MMKrXZajbiQ==",
      "optional": true,
      "requires": {
        "file-uri-to-path": "1.0.0"
      }
    },
    "chai": {
      "version": "1.7.2",
      "resolved": "https://registry.npmjs.org/chai/-/chai-1.7.2.tgz",
      "integrity": "sha1-ugfr1OGsE4opbN9pB3znS39KExc=",
      "requires": {
        "assertion-error": "1.0.0"
      }
    },
    "chalk": {
      "version": "1.1.3",
      "resolved": "https://registry.npmjs.org/chalk/-/chalk-1.1.3.tgz",
      "integrity": "sha1-qBFcVeSnAv5NFQq9OHKCKn4J/Jg=",
      "requires": {
        "ansi-styles": "^2.2.1",
        "escape-string-regexp": "^1.0.2",
        "has-ansi": "^2.0.0",
        "strip-ansi": "^3.0.0",
        "supports-color": "^2.0.0"
      }
    },
    "classnames": {
      "version": "2.2.6",
      "resolved": "https://registry.npmjs.org/classnames/-/classnames-2.2.6.tgz",
      "integrity": "sha512-JR/iSQOSt+LQIWwrwEzJ9uk0xfN3mTVYMwt1Ir5mUcSN6pU+V4zQFFaJsclJbPuAUQH+yfWef6tm7l1quW3C8Q=="
    },
    "coffee-script": {
      "version": "1.7.1",
      "resolved": "https://registry.npmjs.org/coffee-script/-/coffee-script-1.7.1.tgz",
      "integrity": "sha1-YplqhheAx15tUGnROCJyO3NAS/w=",
      "requires": {
        "mkdirp": "~0.3.5"
      },
      "dependencies": {
        "mkdirp": {
          "version": "0.3.5",
          "resolved": "https://registry.npmjs.org/mkdirp/-/mkdirp-0.3.5.tgz",
          "integrity": "sha1-3j5fiWHIjHh+4TaN+EmsRBPsqNc="
        }
      }
    },
    "coffeeify": {
      "version": "0.6.0",
      "resolved": "https://registry.npmjs.org/coffeeify/-/coffeeify-0.6.0.tgz",
      "integrity": "sha1-dcq6my6Sx4NskkZciDtqzJ2JRlI=",
      "requires": {
        "coffee-script": "~1.7.0",
        "convert-source-map": "~0.3.3",
        "through": "~2.3.4"
      }
    },
    "component-classes": {
      "version": "1.2.6",
      "resolved": "https://registry.npmjs.org/component-classes/-/component-classes-1.2.6.tgz",
      "integrity": "sha1-xkI5TDYYpNiwuJGe/Mu9kw5c1pE=",
      "requires": {
        "component-indexof": "0.0.3"
      }
    },
    "component-indexof": {
      "version": "0.0.3",
      "resolved": "https://registry.npmjs.org/component-indexof/-/component-indexof-0.0.3.tgz",
      "integrity": "sha1-EdCRMSI5648yyPJa6csAL/6NPCQ="
    },
    "convert-source-map": {
      "version": "0.3.5",
      "resolved": "https://registry.npmjs.org/convert-source-map/-/convert-source-map-0.3.5.tgz",
      "integrity": "sha1-8dgClQr33SYxof6+BZZVDIarMZA="
    },
    "core-js": {
      "version": "2.6.11",
      "resolved": "https://registry.npmjs.org/core-js/-/core-js-2.6.11.tgz",
      "integrity": "sha512-5wjnpaT/3dV+XB4borEsnAYQchn00XSgTAWKDkEqv+K8KevjbzmofK6hfJ9TZIlpj2N0xQpazy7PiRQiWHqzWg=="
    },
    "core-util-is": {
      "version": "1.0.2",
      "resolved": "https://registry.npmjs.org/core-util-is/-/core-util-is-1.0.2.tgz",
      "integrity": "sha1-tf1UIgqivFq1eqtxQMlAdUUDwac=",
      "optional": true
    },
    "css-animation": {
      "version": "1.6.1",
      "resolved": "https://registry.npmjs.org/css-animation/-/css-animation-1.6.1.tgz",
      "integrity": "sha512-/48+/BaEaHRY6kNQ2OIPzKf9A6g8WjZYjhiNDNuIVbsm5tXCGIAsHDjB4Xu1C4vXJtUWZo26O68OQkDpNBaPog==",
      "requires": {
        "babel-runtime": "6.x",
        "component-classes": "^1.2.5"
      }
    },
    "debug": {
      "version": "2.6.9",
      "resolved": "https://registry.npmjs.org/debug/-/debug-2.6.9.tgz",
      "integrity": "sha512-bC7ElrdJaJnPbAP+1EotYvqZsb3ecl5wi6Bfi6BJTUcNowp6cvspg0jXznRTKDjm/E7AdgFBVeAPVMNcKGsHMA==",
      "optional": true,
      "requires": {
        "ms": "2.0.0"
      }
    },
    "dom-align": {
      "version": "1.11.1",
      "resolved": "https://registry.npmjs.org/dom-align/-/dom-align-1.11.1.tgz",
      "integrity": "sha512-hN42DmUgtweBx0iBjDLO4WtKOMcK8yBmPx/fgdsgQadLuzPu/8co3oLdK5yMmeM/vnUd3yDyV6qV8/NzxBexQg=="
    },
    "escape-string-regexp": {
      "version": "1.0.5",
      "resolved": "https://registry.npmjs.org/escape-string-regexp/-/escape-string-regexp-1.0.5.tgz",
      "integrity": "sha1-G2HAViGQqN/2rjuyzwIAyhMLhtQ="
    },
    "file-uri-to-path": {
      "version": "1.0.0",
      "resolved": "https://registry.npmjs.org/file-uri-to-path/-/file-uri-to-path-1.0.0.tgz",
      "integrity": "sha512-0Zt+s3L7Vf1biwWZ29aARiVYLx7iMGnEUl9x33fbB/j3jR81u/O2LbqK+Bm1CDSNDKVtJ/YjwY7TUd5SkeLQLw==",
      "optional": true
    },
    "flac": {
      "version": "0.3.0",
      "resolved": "https://registry.npmjs.org/flac/-/flac-0.3.0.tgz",
      "integrity": "sha1-5Z5BDDtIVqyX/1iKH1QwSsMYkzw=",
      "requires": {
        "abc": "0.5.x",
        "fsa": "0.5.x"
      }
    },
    "fsa": {
      "version": "0.5.1",
      "resolved": "https://registry.npmjs.org/fsa/-/fsa-0.5.1.tgz",
      "integrity": "sha1-xVUsgFY92gL4xoPsrJ9XwZUWE9s="
    },
    "get-stdin": {
      "version": "5.0.1",
      "resolved": "https://registry.npmjs.org/get-stdin/-/get-stdin-5.0.1.tgz",
      "integrity": "sha1-Ei4WFZHiH/TFJTAwVpPyDmOTo5g="
    },
    "glur": {
      "version": "1.1.2",
      "resolved": "https://registry.npmjs.org/glur/-/glur-1.1.2.tgz",
      "integrity": "sha1-8g6jbbEDv8KSNDkh8fkeg8NGdok="
    },
    "has-ansi": {
      "version": "2.0.0",
      "resolved": "https://registry.npmjs.org/has-ansi/-/has-ansi-2.0.0.tgz",
      "integrity": "sha1-NPUEnOHs3ysGSa8+8k5F7TVBbZE=",
      "requires": {
        "ansi-regex": "^2.0.0"
      }
    },
    "html-entities": {
      "version": "1.3.1",
      "resolved": "https://registry.npmjs.org/html-entities/-/html-entities-1.3.1.tgz",
      "integrity": "sha512-rhE/4Z3hIhzHAUKbW8jVcCyuT5oJCXXqhN/6mXXVCpzTmvJnoH2HL/bt3EZ6p55jbFJBeAe1ZNpL5BugLujxNA=="
    },
    "inherits": {
      "version": "2.0.4",
      "resolved": "https://registry.npmjs.org/inherits/-/inherits-2.0.4.tgz",
      "integrity": "sha512-k/vGaX4/Yla3WzyMCvTQOXYeIHvqOKtnqBduzTHpzpQZzAskKMhZ2K+EnBiSM9zGSoIFeMpXKxa4dYeZIQqewQ==",
      "optional": true
    },
    "isarray": {
      "version": "1.0.0",
      "resolved": "https://registry.npmjs.org/isarray/-/isarray-1.0.0.tgz",
      "integrity": "sha1-u5NdSFgsuhaMBoNJV6VKPgcSTxE=",
      "optional": true
    },
    "jest-image-gaussian-snapshot": {
      "version": "2.4.0",
      "resolved": "https://registry.npmjs.org/jest-image-gaussian-snapshot/-/jest-image-gaussian-snapshot-2.4.0.tgz",
      "integrity": "sha512-RSQW/Yk2rA3Op2WB/KT1iftw1tDKRZMSZIZ8i8iZDBY0V7hSHa0ZZ23rGD4ltPP7JmrNf7H311PWAO2m00C3Kg==",
      "requires": {
        "chalk": "^1.1.3",
        "get-stdin": "^5.0.1",
        "glur": "^1.1.2",
        "lodash": "^4.17.4",
        "mkdirp": "^0.5.1",
        "pixelmatch": "^4.0.2",
        "pngjs": "^3.3.0"
      }
    },
    "js-tokens": {
      "version": "4.0.0",
      "resolved": "https://registry.npmjs.org/js-tokens/-/js-tokens-4.0.0.tgz",
      "integrity": "sha512-RdJUflcE3cUzKiMqQgsCu06FPu9UdIJO0beYbPhHN4k6apgJtifcoCtT9bcxOpYBtpD2kCM6Sbzg4CausW/PKQ=="
    },
    "lodash": {
      "version": "4.17.15",
      "resolved": "https://registry.npmjs.org/lodash/-/lodash-4.17.15.tgz",
      "integrity": "sha512-8xOcRHvCjnocdS5cpwXQXVzmmh5e5+saE2QGoeQmbKmRS6J3VQppPOIt0MnmE+4xlZoumy0GPG0D0MVIQbNA1A=="
    },
    "loose-envify": {
      "version": "1.4.0",
      "resolved": "https://registry.npmjs.org/loose-envify/-/loose-envify-1.4.0.tgz",
      "integrity": "sha512-lyuxPGr/Wfhrlem2CL/UcnUc1zcqKAImBDzukY7Y5F/yQiNdko6+fRLevlw1HgMySw7f611UIY408EtxRSoK3Q==",
      "requires": {
        "js-tokens": "^3.0.0 || ^4.0.0"
      }
    },
    "m3u8stream": {
      "version": "0.6.5",
      "resolved": "https://registry.npmjs.org/m3u8stream/-/m3u8stream-0.6.5.tgz",
      "integrity": "sha512-QZCzhcfUliZfsOboi68QkNcMejPKTEhxE+s1TApvHubDeR8ythm4ViWuYFqgUwZeoHe8q0nsPxOvA3lQvdSzyg==",
      "requires": {
        "miniget": "^1.6.1",
        "sax": "^1.2.4"
      }
    },
    "miniget": {
      "version": "1.7.0",
      "resolved": "https://registry.npmjs.org/miniget/-/miniget-1.7.0.tgz",
      "integrity": "sha512-yrgaDSMRzrfYTkudB4Y6xK8pCb7oAH2bvfv6iPY2m6CedZfs9yK4b/ofh0Vzv08hCYXH/HHkoS8an6fkWtOAQA=="
    },
    "minimist": {
      "version": "1.2.5",
      "resolved": "https://registry.npmjs.org/minimist/-/minimist-1.2.5.tgz",
      "integrity": "sha512-FM9nNUYrRBAELZQT3xeZQ7fmMOBg6nWNmJKTcgsJeaLstP/UODVpGsr5OhXhhXg6f+qtJ8uiZ+PUxkDWcgIXLw=="
    },
    "mkdirp": {
      "version": "0.5.5",
      "resolved": "https://registry.npmjs.org/mkdirp/-/mkdirp-0.5.5.tgz",
      "integrity": "sha512-NKmAlESf6jMGym1++R0Ra7wvhV+wFW63FaSOFPwRahvea0gMUcGUhVeAg/0BC0wiv9ih5NYPB1Wn1UEI1/L+xQ==",
      "requires": {
        "minimist": "^1.2.5"
      }
    },
    "mp3": {
      "version": "0.1.0",
      "resolved": "https://registry.npmjs.org/mp3/-/mp3-0.1.0.tgz",
      "integrity": "sha1-5T5HI+NGmO4//dzbYL+INWpJEME="
    },
    "ms": {
      "version": "2.0.0",
      "resolved": "https://registry.npmjs.org/ms/-/ms-2.0.0.tgz",
      "integrity": "sha1-VgiurfwAvmwpAd9fmGF4jeDVl8g=",
      "optional": true
    },
    "nan": {
      "version": "2.14.0",
      "resolved": "https://registry.npmjs.org/nan/-/nan-2.14.0.tgz",
      "integrity": "sha512-INOFj37C7k3AfaNTtX8RhsTw7qRy7eLET14cROi9+5HAVbbHuIWUHEauBv5qT4Av2tWasiTY1Jw6puUNqRJXQg==",
      "optional": true
    },
    "noise-gate": {
      "version": "0.0.3",
      "resolved": "https://registry.npmjs.org/noise-gate/-/noise-gate-0.0.3.tgz",
      "integrity": "sha512-CgJKFxE1gdEFZzUi6AKIfRSe26X8ijWHNFr1gBDEsqIg8W7POXsU/UHMPV+AQrRfOEjFagAvd1JV3yM/+JY5Gg=="
    },
    "object-assign": {
      "version": "4.1.1",
      "resolved": "https://registry.npmjs.org/object-assign/-/object-assign-4.1.1.tgz",
      "integrity": "sha1-IQmtx5ZYh8/AXLvUQsrIv7s2CGM="
    },
    "pcm-boilerplate": {
      "version": "0.1.1",
      "resolved": "https://registry.npmjs.org/pcm-boilerplate/-/pcm-boilerplate-0.1.1.tgz",
      "integrity": "sha1-y4O0mf4lCMD2wYM4AD/OI54VCTE=",
      "requires": {
        "async": "0.2.x",
        "chai": "1.7.x",
        "underscore": "1.4.x"
      },
      "dependencies": {
        "async": {
          "version": "0.2.10",
          "resolved": "https://registry.npmjs.org/async/-/async-0.2.10.tgz",
          "integrity": "sha1-trvgsGdLnXGXCMo43owjfLUmw9E="
        },
        "underscore": {
          "version": "1.4.4",
          "resolved": "https://registry.npmjs.org/underscore/-/underscore-1.4.4.tgz",
          "integrity": "sha1-YaajIBBiKvoHljvzJSA88SI51gQ="
        }
      }
    },
    "performance-now": {
      "version": "2.1.0",
      "resolved": "https://registry.npmjs.org/performance-now/-/performance-now-2.1.0.tgz",
      "integrity": "sha1-Ywn04OX6kT7BxpMHrjZLSzd8nns="
    },
    "pixelmatch": {
      "version": "4.0.2",
      "resolved": "https://registry.npmjs.org/pixelmatch/-/pixelmatch-4.0.2.tgz",
      "integrity": "sha1-j0fc7FARtHe2fbA8JDvB8wheiFQ=",
      "requires": {
        "pngjs": "^3.0.0"
      }
    },
    "pngjs": {
      "version": "3.4.0",
      "resolved": "https://registry.npmjs.org/pngjs/-/pngjs-3.4.0.tgz",
      "integrity": "sha512-NCrCHhWmnQklfH4MtJMRjZ2a8c80qXeMlQMv2uVp9ISJMTt562SbGd6n2oq0PaPgKm7Z6pL9E2UlLIhC+SHL3w=="
    },
    "process-nextick-args": {
      "version": "2.0.1",
      "resolved": "https://registry.npmjs.org/process-nextick-args/-/process-nextick-args-2.0.1.tgz",
      "integrity": "sha512-3ouUOpQhtgrbOa17J7+uxOTpITYWaGP7/AhoR3+A+/1e9skrzelGi/dXzEYyvbxubEF6Wn2ypscTKiKJFFn1ag==",
      "optional": true
    },
    "prop-types": {
      "version": "15.7.2",
      "resolved": "https://registry.npmjs.org/prop-types/-/prop-types-15.7.2.tgz",
      "integrity": "sha512-8QQikdH7//R2vurIJSutZ1smHYTcLpRWEOlHnzcWHmBYrOGUysKwSsrC89BCiFj3CbrfJ/nXFdJepOVrY1GCHQ==",
      "requires": {
        "loose-envify": "^1.4.0",
        "object-assign": "^4.1.1",
        "react-is": "^16.8.1"
      }
    },
    "raf": {
      "version": "3.4.1",
      "resolved": "https://registry.npmjs.org/raf/-/raf-3.4.1.tgz",
      "integrity": "sha512-Sq4CW4QhwOHE8ucn6J34MqtZCeWFP2aQSmrlroYgqAV1PjStIhJXxYuTgUIfkEk7zTLjmIjLmU5q+fbD1NnOJA==",
      "requires": {
        "performance-now": "^2.1.0"
      }
    },
    "rc-align": {
      "version": "3.0.0-rc.1",
      "resolved": "https://registry.npmjs.org/rc-align/-/rc-align-3.0.0-rc.1.tgz",
      "integrity": "sha512-GbofumhCUb7SxP410j/fbtR2M9Zml+eoZSdaliZh6R3NhfEj5zP4jcO3HG3S9C9KIcXQQtd/cwVHkb9Y0KU7Hg==",
      "requires": {
        "classnames": "2.x",
        "dom-align": "^1.7.0",
        "rc-util": "^4.12.0",
        "resize-observer-polyfill": "^1.5.1"
      }
    },
    "rc-animate": {
      "version": "2.10.3",
      "resolved": "https://registry.npmjs.org/rc-animate/-/rc-animate-2.10.3.tgz",
      "integrity": "sha512-A9qQ5Y8BLlM7EhuCO3fWb/dChndlbWtY/P5QvPqBU7h4r5Q2QsvsbpTGgdYZATRDZbTRnJXXfVk9UtlyS7MBLg==",
      "requires": {
        "babel-runtime": "6.x",
        "classnames": "^2.2.6",
        "css-animation": "^1.3.2",
        "prop-types": "15.x",
        "raf": "^3.4.0",
        "rc-util": "^4.15.3",
        "react-lifecycles-compat": "^3.0.4"
      }
    },
    "rc-slider": {
      "version": "9.2.4",
      "resolved": "https://registry.npmjs.org/rc-slider/-/rc-slider-9.2.4.tgz",
      "integrity": "sha512-wSr7vz+WtzzGqsGU2rTQ4mmLz9fkuIDMPYMYm8ygYFvxQ2Rh4uRhOWHYI0R8krNK5k1bGycckYxmQqUIvLAh3w==",
      "requires": {
        "babel-runtime": "6.x",
        "classnames": "^2.2.5",
        "rc-tooltip": "^4.0.0",
        "rc-util": "^4.0.4",
        "shallowequal": "^1.1.0",
        "warning": "^4.0.3"
      }
    },
    "rc-tooltip": {
      "version": "4.0.3",
      "resolved": "https://registry.npmjs.org/rc-tooltip/-/rc-tooltip-4.0.3.tgz",
      "integrity": "sha512-HNyBh9/fPdds0DXja8JQX0XTIHmZapB3lLzbdn74aNSxXG1KUkt+GK4X1aOTRY5X9mqm4uUKdeFrn7j273H8gw==",
      "requires": {
        "rc-trigger": "^4.0.0"
      }
    },
    "rc-trigger": {
      "version": "4.0.2",
      "resolved": "https://registry.npmjs.org/rc-trigger/-/rc-trigger-4.0.2.tgz",
      "integrity": "sha512-to5S1NhK10rWHIgQpoQdwIhuDc2Ok4R4/dh5NLrDt6C+gqkohsdBCYiPk97Z+NwGhRU8N+dbf251bivX8DkzQg==",
      "requires": {
        "classnames": "^2.2.6",
        "prop-types": "15.x",
        "raf": "^3.4.1",
        "rc-align": "^3.0.0-rc.0",
        "rc-animate": "^2.10.2",
        "rc-util": "^4.20.0"
      }
    },
    "rc-util": {
      "version": "4.20.3",
      "resolved": "https://registry.npmjs.org/rc-util/-/rc-util-4.20.3.tgz",
      "integrity": "sha512-NBBc9Ad5yGAVTp4jV+pD7tXQGqHxGM2onPSZFyVoJ5fuvRF+ZgzSjZ6RXLPE0pVVISRJ07h+APgLJPBcAeZQlg==",
      "requires": {
        "add-dom-event-listener": "^1.1.0",
        "prop-types": "^15.5.10",
        "react-is": "^16.12.0",
        "react-lifecycles-compat": "^3.0.4",
        "shallowequal": "^1.1.0"
      }
    },
    "react-is": {
      "version": "16.13.1",
      "resolved": "https://registry.npmjs.org/react-is/-/react-is-16.13.1.tgz",
      "integrity": "sha512-24e6ynE2H+OKt4kqsOvNd8kBpV65zoxbA4BVsEOB3ARVWQki/DHzaUoC5KuON/BiccDaCCTZBuOcfZs70kR8bQ=="
    },
    "react-lifecycles-compat": {
      "version": "3.0.4",
      "resolved": "https://registry.npmjs.org/react-lifecycles-compat/-/react-lifecycles-compat-3.0.4.tgz",
      "integrity": "sha512-fBASbA6LnOU9dOU2eW7aQ8xmYBSXUIWr+UmF9b1efZBazGNO+rcXT/icdKnYm2pTwcRylVUYwW7H1PHfLekVzA=="
    },
    "readable-stream": {
      "version": "2.3.7",
      "resolved": "https://registry.npmjs.org/readable-stream/-/readable-stream-2.3.7.tgz",
      "integrity": "sha512-Ebho8K4jIbHAxnuxi7o42OrZgF/ZTNcsZj6nRKyUmkhLFq8CHItp/fy6hQZuZmP/n3yZ9VBUbp4zz/mX8hmYPw==",
      "optional": true,
      "requires": {
        "core-util-is": "~1.0.0",
        "inherits": "~2.0.3",
        "isarray": "~1.0.0",
        "process-nextick-args": "~2.0.0",
        "safe-buffer": "~5.1.1",
        "string_decoder": "~1.1.1",
        "util-deprecate": "~1.0.1"
      }
    },
    "regenerator-runtime": {
      "version": "0.11.1",
      "resolved": "https://registry.npmjs.org/regenerator-runtime/-/regenerator-runtime-0.11.1.tgz",
      "integrity": "sha512-MguG95oij0fC3QV3URf4V2SDYGJhJnJGqvIIgdECeODCT98wSWDAJ94SSuVpYQUoTcGUIL6L4yNB7j1DFFHSBg=="
    },
    "resize-observer-polyfill": {
      "version": "1.5.1",
      "resolved": "https://registry.npmjs.org/resize-observer-polyfill/-/resize-observer-polyfill-1.5.1.tgz",
      "integrity": "sha512-LwZrotdHOo12nQuZlHEmtuXdqGoOD0OhaxopaNFxWzInpEgaLWoVuAMbTzixuosCx2nEG58ngzW3vxdWoxIgdg=="
    },
    "safe-buffer": {
      "version": "5.1.2",
      "resolved": "https://registry.npmjs.org/safe-buffer/-/safe-buffer-5.1.2.tgz",
      "integrity": "sha512-Gd2UZBJDkXlY7GbJxfsE8/nvKkUEU1G38c1siN6QP6a9PT9MmHB8GnpscSmMJSoF8LOIrt8ud/wPtojys4G6+g==",
      "optional": true
    },
    "sax": {
      "version": "1.2.4",
      "resolved": "https://registry.npmjs.org/sax/-/sax-1.2.4.tgz",
      "integrity": "sha512-NqVDv9TpANUjFm0N8uM5GxL36UgKi9/atZw+x7YFnQ8ckwFGKrl4xX4yWtrey3UJm5nP1kUbnYgLopqWNSRhWw=="
    },
    "shallowequal": {
      "version": "1.1.0",
      "resolved": "https://registry.npmjs.org/shallowequal/-/shallowequal-1.1.0.tgz",
      "integrity": "sha512-y0m1JoUZSlPAjXVtPPW70aZWfIL/dSP7AFkRnniLCrK/8MDKog3TySTBmckD+RObVxH0v4Tox67+F14PdED2oQ=="
    },
    "speaker": {
      "version": "0.3.1",
      "resolved": "https://registry.npmjs.org/speaker/-/speaker-0.3.1.tgz",
      "integrity": "sha512-LEqSy+FHYHPZj4kX8NHylzaOmy+VIqj57enm2GS4B568hj0SdKDYa9jALCGQy43LZa/JmQk1iF0nlMVbS1PfPg==",
      "optional": true,
      "requires": {
        "bindings": "^1.2.1",
        "debug": "^2.2.0",
        "nan": "^2.2.0",
        "readable-stream": "^2.0.5"
      }
    },
    "standardized-audio-context": {
      "version": "24.1.7",
      "resolved": "https://registry.npmjs.org/standardized-audio-context/-/standardized-audio-context-24.1.7.tgz",
      "integrity": "sha512-H6qVOi+XFKd8NegNhUCq4rUYJdktn0H02LCqfpn3uIZZgr55pkDB4i0qCe+fYAhckfQ0Gvs3H13qq+KTpUBokA==",
      "requires": {
        "@babel/runtime": "^7.9.2",
        "automation-events": "^2.0.5",
        "tslib": "^1.11.1"
      }
    },
    "string_decoder": {
      "version": "1.1.1",
      "resolved": "https://registry.npmjs.org/string_decoder/-/string_decoder-1.1.1.tgz",
      "integrity": "sha512-n/ShnvDi6FHbbVfviro+WojiFzv+s8MPMHBczVePfUpDJLwoLT0ht1l4YwBCbi8pJAveEEdnkHyPyTP/mzRfwg==",
      "optional": true,
      "requires": {
        "safe-buffer": "~5.1.0"
      }
    },
    "strip-ansi": {
      "version": "3.0.1",
      "resolved": "https://registry.npmjs.org/strip-ansi/-/strip-ansi-3.0.1.tgz",
      "integrity": "sha1-ajhfuIU9lS1f8F0Oiq+UJ43GPc8=",
      "requires": {
        "ansi-regex": "^2.0.0"
      }
    },
    "supports-color": {
      "version": "2.0.0",
      "resolved": "https://registry.npmjs.org/supports-color/-/supports-color-2.0.0.tgz",
      "integrity": "sha1-U10EXOa2Nj+kARcIRimZXp3zJMc="
    },
    "through": {
      "version": "2.3.8",
      "resolved": "https://registry.npmjs.org/through/-/through-2.3.8.tgz",
      "integrity": "sha1-DdTJ/6q8NXlgsbckEV1+Doai4fU="
    },
    "tslib": {
      "version": "1.11.1",
      "resolved": "https://registry.npmjs.org/tslib/-/tslib-1.11.1.tgz",
      "integrity": "sha512-aZW88SY8kQbU7gpV19lN24LtXh/yD4ZZg6qieAJDDg+YBsJcSmLGK9QpnUjAKVG/xefmvJGd1WUmfpT/g6AJGA=="
    },
    "underscore": {
      "version": "1.8.3",
      "resolved": "https://registry.npmjs.org/underscore/-/underscore-1.8.3.tgz",
      "integrity": "sha1-Tz+1OxBuYJf8+ctBCfKl6b36UCI="
    },
    "util-deprecate": {
      "version": "1.0.2",
      "resolved": "https://registry.npmjs.org/util-deprecate/-/util-deprecate-1.0.2.tgz",
      "integrity": "sha1-RQ1Nyfpw3nMnYvvS1KKJgUGaDM8=",
      "optional": true
    },
    "warning": {
      "version": "4.0.3",
      "resolved": "https://registry.npmjs.org/warning/-/warning-4.0.3.tgz",
      "integrity": "sha512-rpJyN222KWIvHJ/F53XSZv0Zl/accqHR8et1kpaMTD/fLCRxtV8iX8czMzY7sVZupTI3zcUTg8eycS2kNF9l6w==",
      "requires": {
        "loose-envify": "^1.0.0"
      }
    },
    "web-audio-api": {
      "version": "0.2.2",
      "resolved": "https://registry.npmjs.org/web-audio-api/-/web-audio-api-0.2.2.tgz",
      "integrity": "sha1-KlBItcI9a3lgXU7yT9e8MPM43iM=",
      "requires": {
        "aac": "0.1.x",
        "alac": "0.1.x",
        "async": "0.9.x",
        "audiobuffer": "0.2.x",
        "av": "0.4.x",
        "flac": "0.3.x",
        "mp3": "0.1.x",
        "pcm-boilerplate": "0.1.x",
        "underscore": "1.8.x"
      }
    },
    "ws": {
      "version": "7.2.3",
      "resolved": "https://registry.npmjs.org/ws/-/ws-7.2.3.tgz",
      "integrity": "sha512-HTDl9G9hbkNDk98naoR/cHDws7+EyYMOdL1BmjsZXRUjf7d+MficC4B7HLUPlSiho0vg+CWKrGIt/VJBd1xunQ=="
    },
    "ytdl-core": {
      "version": "2.1.0",
      "resolved": "https://registry.npmjs.org/ytdl-core/-/ytdl-core-2.1.0.tgz",
      "integrity": "sha512-UmblkTLSV0v3y9I3oqrZkllyT0FnK1Owm7WftEkcTIlqnjip1mnyaLICz0P6+W3Ji/AtBFSwy/mLG2dlEvP6Vw==",
      "requires": {
        "html-entities": "^1.3.1",
        "m3u8stream": "^0.6.3",
        "miniget": "^1.7.0",
        "sax": "^1.1.3"
      }
    }
  }
}
