js-tokens:
 _latest: 6.0.0
 _:
  '^3.0.0 || ^4.0.0': 4.0.0
 4.0.0:
  $: sha512-RdJUflcE3cUzKiMqQgsCu06FPu9UdIJO0beYbPhHN4k6apgJtifcoCtT9bcxOpYBtpD2kCM6Sbzg4CausW/PKQ==
  _: 'https://registry.npmjs.org/js-tokens/-/js-tokens-4.0.0.tgz'
loose-envify:
 _latest: 1.4.0
 _:
  '^1.1.0,^1.4.0': 1.4.0
 1.4.0:
  $: sha512-lyuxPGr/Wfhrlem2CL/UcnUc1zcqKAImBDzukY7Y5F/yQiNdko6+fRLevlw1HgMySw7f611UIY408EtxRSoK3Q==
  _: 'https://registry.npmjs.org/loose-envify/-/loose-envify-1.4.0.tgz'
  dependencies:
   js-tokens: '^3.0.0 || ^4.0.0'
object-assign:
 _latest: 4.1.1
 _:
  ^4.1.1: 4.1.1
 4.1.1:
  $: sha1-IQmtx5ZYh8/AXLvUQsrIv7s2CGM=
  _: 'https://registry.npmjs.org/object-assign/-/object-assign-4.1.1.tgz'
prop-types:
 _latest: 15.7.2
 _:
  ^15.6.2: 15.7.2
 15.7.2:
  $: sha512-8QQikdH7//R2vurIJSutZ1smHYTcLpRWEOlHnzcWHmBYrOGUysKwSsrC89BCiFj3CbrfJ/nXFdJepOVrY1GCHQ==
  _: 'https://registry.npmjs.org/prop-types/-/prop-types-15.7.2.tgz'
  dependencies:
   loose-envify: ^1.4.0
   object-assign: ^4.1.1
   react-is: ^16.8.1
react:
 _latest: 16.13.1
 _:
  ^16.13.1: 16.13.1
 16.13.1:
  top: 1
  $: sha512-YMZQQq32xHLX0bz5Mnibv1/LHb3Sqzngu7xstSM+vrkE5Kzr9xE0yMByK5kMoTK30YVJE61WfbxIFFvfeDKT1w==
  _: 'https://registry.npmjs.org/react/-/react-16.13.1.tgz'
  dependencies:
   loose-envify: ^1.1.0
   object-assign: ^4.1.1
   prop-types: ^15.6.2
react-dom:
 _latest: 16.13.1
 _:
  ^16.13.1: 16.13.1
 16.13.1:
  top: 1
  $: sha512-81PIMmVLnCNLO/fFOQxdQkvEq/+Hfpv24XNJfpyZhTRfO0QcmQIF/PgCa1zCOj2w1hrn12MFLyaJ/G0+Mxtfag==
  _: 'https://registry.npmjs.org/react-dom/-/react-dom-16.13.1.tgz'
  dependencies:
   loose-envify: ^1.1.0
   object-assign: ^4.1.1
   prop-types: ^15.6.2
   scheduler: ^0.19.1
  peerDependencies:
   react: ^16.13.1
react-is:
 _latest: 16.13.1
 _:
  ^16.8.1: 16.13.1
 16.13.1:
  $: sha512-24e6ynE2H+OKt4kqsOvNd8kBpV65zoxbA4BVsEOB3ARVWQki/DHzaUoC5KuON/BiccDaCCTZBuOcfZs70kR8bQ==
  _: 'https://registry.npmjs.org/react-is/-/react-is-16.13.1.tgz'
scheduler:
 _latest: 0.19.1
 _:
  ^0.19.1: 0.19.1
 0.19.1:
  $: sha512-n/zwRWRYSUj0/3g/otKDRPMh6qv2SYMWNq85IEa8iZyAv8od9zDYpGSnpBEjNgcMNq6Scbu5KfIPxNF72R/2EA==
  _: 'https://registry.npmjs.org/scheduler/-/scheduler-0.19.1.tgz'
  dependencies:
   loose-envify: ^1.1.0
   object-assign: ^4.1.1
