'@types/color-name':
 _latest: 1.1.1
 _:
  ^1.1.1: 1.1.1
 1.1.1:
  $: sha512-rr+OQyAjxze7GgWrSaJwydHStIhHq2lvY3BOC2Mj7KnzI7XK0Uw1TOOdI9lDoajEbSWLiYgoo4f1R51erQfhPQ==
  _: 'https://registry.npmjs.org/@types/color-name/-/color-name-1.1.1.tgz'
'@xarc/fastify-server':
 _latest: 2.0.0
 _:
  ^2.0.0: 2.0.0
 2.0.0:
  top: 1
  $: sha512-KbMeqzddIdKVyU1Qdu9aidSb3pIU0oZUbmA167mdIB5YtQq1NE0KQBztcZmuqKRHUjJ4HtZ22887nNTRhgubkw==
  _: 'https://registry.npmjs.org/@xarc/fastify-server/-/fastify-server-2.0.0.tgz'
  dependencies:
   async-eventemitter: ^0.2.4
   chalk: ^4.1.0
   electrode-confippet: ^1.5.0
   fastify: ^2.15.0
   fastify-plugin: ^1.6.1
   lodash: ^4.17.15
   require-at: ^1.0.4
   xaa: ^1.6.0
abstract-logging:
 _latest: 2.0.0
 _:
  ^2.0.0: 2.0.0
 2.0.0:
  $: sha512-/oA9z7JszpIioo6J6dB79LVUgJ3eD3cxkAmdCkvWWS+Y9tPtALs1rLqOekLUXUbYqM2fB9TTK0ibAyZJJOP/CA==
  _: 'https://registry.npmjs.org/abstract-logging/-/abstract-logging-2.0.0.tgz'
ajv:
 _latest: 6.12.2
 _:
  '^6.10.2,^6.11.0,^6.12.0': 6.12.2
 6.12.2:
  $: sha512-k+V+hzjm5q/Mr8ef/1Y9goCmlsK4I6Sm74teeyGvFk1XrOsbsKLjEdrvny42CZ+a8sXbk8KWpY/bDwS+FLL2UQ==
  _: 'https://registry.npmjs.org/ajv/-/ajv-6.12.2.tgz'
  dependencies:
   fast-deep-equal: ^3.1.1
   fast-json-stable-stringify: ^2.0.0
   json-schema-traverse: ^0.4.1
   uri-js: ^4.2.2
ansi-styles:
 _latest: 4.2.1
 _:
  ^4.1.0: 4.2.1
 4.2.1:
  $: sha512-9VGjrMsG1vePxcSweQsN20KY/c4zN0h9fLjqAbwbPfahM3t+NL+M9HC8xeXG2I8pX5NoamTGNuomEUFI7fcUjA==
  _: 'https://registry.npmjs.org/ansi-styles/-/ansi-styles-4.2.1.tgz'
  dependencies:
   '@types/color-name': ^1.1.1
   color-convert: ^2.0.1
archy:
 _latest: 1.0.0
 _:
  ^1.0.0: 1.0.0
 1.0.0:
  $: sha1-+cjBN1fMHde8N5rHeyxipcKGjEA=
  _: 'https://registry.npmjs.org/archy/-/archy-1.0.0.tgz'
argparse:
 _latest: 1.0.10
 _:
  ^1.0.7: 1.0.10
 1.0.10:
  $: sha512-o5Roy6tNG4SL/FOkCAN6RzjiakZS25RLYFrcMttJqbdd8BWrnA+fGz57iN5Pb06pvBGvl5gQ0B48dJlslXvoTg==
  _: 'https://registry.npmjs.org/argparse/-/argparse-1.0.10.tgz'
  dependencies:
   sprintf-js: ~1.0.2
async:
 _latest: 3.2.0
 _:
  ^2.4.0: 2.6.3
 2.6.3:
  $: sha512-zflvls11DCy+dQWzTW2dzuilv8Z5X/pjfmZOWba6TNIVDm+2UDaJmXSOXlasHKfNBs8oo3M0aT50fDEWfKZjXg==
  _: 'https://registry.npmjs.org/async/-/async-2.6.3.tgz'
  dependencies:
   lodash: ^4.17.14
async-eventemitter:
 _latest: 0.2.4
 _:
  ^0.2.4: 0.2.4
 0.2.4:
  $: sha512-pd20BwL7Yt1zwDFy+8MX8F1+WCT8aQeKj0kQnTrH9WaeRETlRamVhD0JtRPmrV4GfOJ2F9CvdQkZeZhnh2TuHw==
  _: 'https://registry.npmjs.org/async-eventemitter/-/async-eventemitter-0.2.4.tgz'
  dependencies:
   async: ^2.4.0
atomic-sleep:
 _latest: 1.0.0
 _:
  ^1.0.0: 1.0.0
 1.0.0:
  $: sha512-kNOjDqAh7px0XWNI+4QbzoiR/nTkHAWNud2uvnJquD1/x5a7EQZMJT0AczqK0Qn67oY/TTQ1LbUKajZpp3I9tQ==
  _: 'https://registry.npmjs.org/atomic-sleep/-/atomic-sleep-1.0.0.tgz'
avvio:
 _latest: 7.0.3
 _:
  ^6.4.1: 6.4.1
 6.4.1:
  $: sha512-jeZaUK+F7MuWSNT3VHfltskPJZKqVeTWQqBA4SDaDoLaQ0lb5TOgLeQT1BEuhTIUNISCDCGY3zjYyVmQQ48gKA==
  _: 'https://registry.npmjs.org/avvio/-/avvio-6.4.1.tgz'
  dependencies:
   archy: ^1.0.0
   debug: ^4.0.0
   fastq: ^1.6.0
bignumber.js:
 _latest: 9.0.0
 _:
  9.0.0: 9.0.0
 9.0.0:
  $: sha512-t/OYhhJ2SD+YGBQcjY8GzzDHEk9f3nerxjtfa6tlMXfe7frs/WozhvCNoGvpM0P3bNf3Gq5ZRMlGr5f3r4/N8A==
  _: 'https://registry.npmjs.org/bignumber.js/-/bignumber.js-9.0.0.tgz'
chalk:
 _latest: 4.1.0
 _:
  ^4.1.0: 4.1.0
 4.1.0:
  $: sha512-qwx12AxXe2Q5xQ43Ac//I6v5aXTipYrSESdOgzrN+9XjgEpyjpKuvSGaN4qE93f7TQTlerQQ8S+EQ0EyDoVL1A==
  _: 'https://registry.npmjs.org/chalk/-/chalk-4.1.0.tgz'
  dependencies:
   ansi-styles: ^4.1.0
   supports-color: ^7.1.0
color-convert:
 _latest: 2.0.1
 _:
  ^2.0.1: 2.0.1
 2.0.1:
  $: sha512-RRECPsj7iu/xb5oKYcsFHSppFNnsj/52OVTRKb4zP5onXwVF3zVmmToNcOfGC+CRDpfK/U584fMg38ZHCaElKQ==
  _: 'https://registry.npmjs.org/color-convert/-/color-convert-2.0.1.tgz'
  dependencies:
   color-name: ~1.1.4
color-name:
 _latest: 1.1.4
 _:
  ~1.1.4: 1.1.4
 1.1.4:
  $: sha512-dOy+3AuW3a2wNbZHIuMZpTcgjGuLU/uBL/ubcZF9OXbDo8ff4O8yVp5Bf0efS8uEoYo5q4Fx7dY9OgQGXgAsQA==
  _: 'https://registry.npmjs.org/color-name/-/color-name-1.1.4.tgz'
cookie:
 _latest: 0.4.1
 _:
  ^0.4.0: 0.4.1
 0.4.1:
  $: sha512-ZwrFkGJxUR3EIoXtO+yVE69Eb7KlixbaeAWfBQB9vVsNn/o+Yw69gBWSSDK825hQNdN+wF8zELf3dFNl/kxkUA==
  _: 'https://registry.npmjs.org/cookie/-/cookie-0.4.1.tgz'
core-util-is:
 _latest: 1.0.2
 _:
  ~1.0.0: 1.0.2
 1.0.2:
  $: sha1-tf1UIgqivFq1eqtxQMlAdUUDwac=
  _: 'https://registry.npmjs.org/core-util-is/-/core-util-is-1.0.2.tgz'
debug:
 _latest: 4.1.1
 _:
  ^4.0.0: 4.1.1
 4.1.1:
  $: sha512-pYAIzeRo8J6KPEaJ0VWOh5Pzkbw/RetuzehGM7QRRX5he4fPHx2rdKMB256ehJCkX+XRQm16eZLqLNS8RSZXZw==
  _: 'https://registry.npmjs.org/debug/-/debug-4.1.1.tgz'
  dependencies:
   ms: ^2.1.1
deepmerge:
 _latest: 4.2.2
 _:
  ^4.2.2: 4.2.2
 4.2.2:
  $: sha512-FJ3UgI4gIl+PHZm53knsuSFpE+nESMr7M4v9QcgB7S63Kj/6WqMiFQJpBBYz1Pt+66bZpP3Q7Lye0Oo9MPKEdg==
  _: 'https://registry.npmjs.org/deepmerge/-/deepmerge-4.2.2.tgz'
electrode-confippet:
 _latest: 1.5.0
 _:
  ^1.5.0: 1.5.0
 1.5.0:
  $: sha1-aEFlFNEp5fsqzP2jazEoSbnjrzY=
  _: 'https://registry.npmjs.org/electrode-confippet/-/electrode-confippet-1.5.0.tgz'
  dependencies:
   js-yaml: ^3.5.3
   lodash: ^4.13.1
esprima:
 _latest: 4.0.1
 _:
  ^4.0.0: 4.0.1
 4.0.1:
  $: sha512-eGuFFw7Upda+g4p+QHvnW0RyTX/SVeJBDM/gCtMARO0cLuT2HcEKnTPvhjV6aGeqrCB/sbNop0Kszm0jsaWU4A==
  _: 'https://registry.npmjs.org/esprima/-/esprima-4.0.1.tgz'
fast-decode-uri-component:
 _latest: 1.0.1
 _:
  ^1.0.0: 1.0.1
 1.0.1:
  $: sha512-WKgKWg5eUxvRZGwW8FvfbaH7AXSh2cL+3j5fMGzUMCxWBJ3dV3a7Wz8y2f/uQ0e3B6WmodD3oS54jTQ9HVTIIg==
  _: 'https://registry.npmjs.org/fast-decode-uri-component/-/fast-decode-uri-component-1.0.1.tgz'
fast-deep-equal:
 _latest: 3.1.3
 _:
  ^3.1.1: 3.1.3
 3.1.3:
  $: sha512-f3qQ9oQy9j2AhBe/H9VC91wLmKBCCU/gDOnKNAYG5hswO7BLKj09Hc5HYNz9cGI++xlpDCIgDaitVs03ATR84Q==
  _: 'https://registry.npmjs.org/fast-deep-equal/-/fast-deep-equal-3.1.3.tgz'
fast-json-stable-stringify:
 _latest: 2.1.0
 _:
  ^2.0.0: 2.1.0
 2.1.0:
  $: sha512-lhd/wF+Lk98HZoTCtlVraHtfh5XYijIjalXck7saUtuanSDyLMxnHhSXEDJqHxD7msR8D0uCmqlkwjCV8xvwHw==
  _: 'https://registry.npmjs.org/fast-json-stable-stringify/-/fast-json-stable-stringify-2.1.0.tgz'
fast-json-stringify:
 _latest: 2.2.1
 _:
  ^1.18.0: 1.21.0
 1.21.0:
  $: sha512-xY6gyjmHN3AK1Y15BCbMpeO9+dea5ePVsp3BouHCdukcx0hOHbXwFhRodhcI0NpZIgDChSeAKkHW9YjKvhwKBA==
  _: 'https://registry.npmjs.org/fast-json-stringify/-/fast-json-stringify-1.21.0.tgz'
  dependencies:
   ajv: ^6.11.0
   deepmerge: ^4.2.2
   string-similarity: ^4.0.1
fast-redact:
 _latest: 2.0.0
 _:
  ^2.0.0: 2.0.0
 2.0.0:
  $: sha512-zxpkULI9W9MNTK2sJ3BpPQrTEXFNESd2X6O1tXMFpK/XM0G5c5Rll2EVYZH2TqI3xRGK/VaJ+eEOt7pnENJpeA==
  _: 'https://registry.npmjs.org/fast-redact/-/fast-redact-2.0.0.tgz'
fast-safe-stringify:
 _latest: 2.0.7
 _:
  ^2.0.7: 2.0.7
 2.0.7:
  $: sha512-Utm6CdzT+6xsDk2m8S6uL8VHxNwI6Jub+e9NYTcAms28T84pTa25GJQV9j0CY0N1rM8hK4x6grpF2BQf+2qwVA==
  _: 'https://registry.npmjs.org/fast-safe-stringify/-/fast-safe-stringify-2.0.7.tgz'
fastify:
 _latest: 2.15.1
 _:
  ^2.15.0: 2.15.1
 2.15.1:
  $: sha512-pEE1pa5j/vtZeZTbPpFgsJgzLbThcYgiLDw2yZIG8qNZ5LkF1Ew2vbv9k3nTXNxGEPYFBbyNTCKRSj3JbX+FhA==
  _: 'https://registry.npmjs.org/fastify/-/fastify-2.15.1.tgz'
  dependencies:
   abstract-logging: ^2.0.0
   ajv: ^6.12.0
   avvio: ^6.4.1
   fast-json-stringify: ^1.18.0
   find-my-way: ^2.2.2
   flatstr: ^1.0.12
   light-my-request: ^3.7.3
   middie: ^4.1.0
   pino: ^5.17.0
   proxy-addr: ^2.0.6
   readable-stream: ^3.6.0
   rfdc: ^1.1.2
   secure-json-parse: ^2.1.0
   tiny-lru: ^7.0.2
fastify-plugin:
 _latest: 1.6.1
 _:
  ^1.6.1: 1.6.1
 1.6.1:
  $: sha512-APBcb27s+MjaBIerFirYmBLatoPCgmHZM6XP0K+nDL9k0yX8NJPWDY1RAC3bh6z+AB5ULS2j31BUfLMT3uaZ4A==
  _: 'https://registry.npmjs.org/fastify-plugin/-/fastify-plugin-1.6.1.tgz'
  dependencies:
   semver: ^6.3.0
fastq:
 _latest: 1.8.0
 _:
  ^1.6.0: 1.8.0
 1.8.0:
  $: sha512-SMIZoZdLh/fgofivvIkmknUXyPnvxRE3DhtZ5Me3Mrsk5gyPL42F0xr51TdRXskBxHfMp+07bcYzfsYEsSQA9Q==
  _: 'https://registry.npmjs.org/fastq/-/fastq-1.8.0.tgz'
  dependencies:
   reusify: ^1.0.4
find-my-way:
 _latest: 3.0.1
 _:
  ^2.2.2: 2.2.3
 2.2.3:
  $: sha512-C7dxfbX8pV1maLd31ygkBEOaD51Ls4dROuHjeSQZf1FeQinUzq3UA/kSPecLSDy9iAQufd8w1zgp7j64kyLdhw==
  _: 'https://registry.npmjs.org/find-my-way/-/find-my-way-2.2.3.tgz'
  dependencies:
   fast-decode-uri-component: ^1.0.0
   safe-regex2: ^2.0.0
   semver-store: ^0.3.0
flatstr:
 _latest: 1.0.12
 _:
  ^1.0.12: 1.0.12
 1.0.12:
  $: sha512-4zPxDyhCyiN2wIAtSLI6gc82/EjqZc1onI4Mz/l0pWrAlsSfYH/2ZIcU+e3oA2wDwbzIWNKwa23F8rh6+DRWkw==
  _: 'https://registry.npmjs.org/flatstr/-/flatstr-1.0.12.tgz'
forwarded:
 _latest: 0.1.2
 _:
  ~0.1.2: 0.1.2
 0.1.2:
  $: sha1-mMI9qxF1ZXuMBXPozszZGw/xjIQ=
  _: 'https://registry.npmjs.org/forwarded/-/forwarded-0.1.2.tgz'
has-flag:
 _latest: 4.0.0
 _:
  ^4.0.0: 4.0.0
 4.0.0:
  $: sha512-EykJT/Q1KjTWctppgIAgfSO0tKVuZUjhgMr17kqTumMl6Afv3EISleU7qZUzoXDFTAHTDC4NOoG/ZxU3EvlMPQ==
  _: 'https://registry.npmjs.org/has-flag/-/has-flag-4.0.0.tgz'
inherits:
 _latest: 2.0.4
 _:
  '^2.0.3,~2.0.3': 2.0.4
 2.0.4:
  $: sha512-k/vGaX4/Yla3WzyMCvTQOXYeIHvqOKtnqBduzTHpzpQZzAskKMhZ2K+EnBiSM9zGSoIFeMpXKxa4dYeZIQqewQ==
  _: 'https://registry.npmjs.org/inherits/-/inherits-2.0.4.tgz'
ipaddr.js:
 _latest: 1.9.1
 _:
  1.9.1: 1.9.1
 1.9.1:
  $: sha512-0KI/607xoxSToH7GjN1FfSbLoU0+btTicjsQSWQlh/hZykN8KpmMf7uYwPW3R+akZ6R/w18ZlXSHBYXiYUPO3g==
  _: 'https://registry.npmjs.org/ipaddr.js/-/ipaddr.js-1.9.1.tgz'
isarray:
 _latest: 2.0.5
 _:
  ~1.0.0: 1.0.0
 1.0.0:
  $: sha1-u5NdSFgsuhaMBoNJV6VKPgcSTxE=
  _: 'https://registry.npmjs.org/isarray/-/isarray-1.0.0.tgz'
js-yaml:
 _latest: 3.14.0
 _:
  ^3.5.3: 3.14.0
 3.14.0:
  $: sha512-/4IbIeHcD9VMHFqDR/gQ7EdZdLimOvW2DdcxFjdyyZ9NsbS+ccrXqVWDtab/lRl5AlUqmpBx8EhPaWR+OtY17A==
  _: 'https://registry.npmjs.org/js-yaml/-/js-yaml-3.14.0.tgz'
  dependencies:
   argparse: ^1.0.7
   esprima: ^4.0.0
json-schema-traverse:
 _latest: 0.4.1
 _:
  ^0.4.1: 0.4.1
 0.4.1:
  $: sha512-xbbCH5dCYU5T8LcEhhuh7HJ88HXuW3qsI3Y0zOZFKfZEHcpWiHU/Jxzk629Brsab/mMiHQti9wMP+845RPe3Vg==
  _: 'https://registry.npmjs.org/json-schema-traverse/-/json-schema-traverse-0.4.1.tgz'
light-my-request:
 _latest: 4.0.1
 _:
  ^3.7.3: 3.8.0
 3.8.0:
  $: sha512-cIOWmNsgoStysmkzcv2EwvLwMb2hEm6oqKMerG/b5ey9F0we2Qony8cAZgBktmGPYUvPyKsDCzMcYU6fXbpWew==
  _: 'https://registry.npmjs.org/light-my-request/-/light-my-request-3.8.0.tgz'
  dependencies:
   ajv: ^6.10.2
   cookie: ^0.4.0
   readable-stream: ^3.4.0
   set-cookie-parser: ^2.4.1
lodash:
 _latest: 4.17.15
 _:
  '^4.13.1,^4.17.14,^4.17.15': 4.17.15
 4.17.15:
  $: sha512-8xOcRHvCjnocdS5cpwXQXVzmmh5e5+saE2QGoeQmbKmRS6J3VQppPOIt0MnmE+4xlZoumy0GPG0D0MVIQbNA1A==
  _: 'https://registry.npmjs.org/lodash/-/lodash-4.17.15.tgz'
middie:
 _latest: 5.1.0
 _:
  ^4.1.0: 4.1.0
 4.1.0:
  $: sha512-eylPpZA+K3xO9kpDjagoPkEUkNcWV3EAo5OEz0MqsekUpT7KbnQkk8HNZkh4phx2vvOAmNNZuLRWF9lDDHPpVQ==
  _: 'https://registry.npmjs.org/middie/-/middie-4.1.0.tgz'
  dependencies:
   path-to-regexp: ^4.0.0
   reusify: ^1.0.2
ms:
 _latest: 2.1.2
 _:
  ^2.1.1: 2.1.2
 2.1.2:
  $: sha512-sGkPx+VjMtmA6MX27oA4FBFELFCZZ4S4XqeGOXCv68tT+jb3vk/RyaKWP0PTKyWtmLSM0b+adUTEvbs1PEaH2w==
  _: 'https://registry.npmjs.org/ms/-/ms-2.1.2.tgz'
mysql:
 _:
  'github:mysqljs/mysql': 2.18.1
 2.18.1:
  top: 1
  $: sha512-ubNOsbAtrx+pG1O60cBelwLiXQ0pbYBfvA3X8zlc/73qP0+TIe0RfXPeFbTG8Lg/wt5m+Qak1JZqycbR2DxjCw==
  _: '~url-spec~{"urlType":"github","semver":"github:mysqljs/mysql","_resolved":"github:mysqljs/mysql#283425b44bc7a310bf6613d0e112d89080516e55"}'
  dependencies:
   bignumber.js: 9.0.0
   readable-stream: 2.3.7
   safe-buffer: 5.1.2
   sqlstring: 2.3.1
path-to-regexp:
 _latest: 6.1.0
 _:
  ^4.0.0: 4.0.5
 4.0.5:
  $: sha512-l+fTaGG2N9ZRpCEUj5fG1VKdDLaiqwCIvPngpnxzREhcdobhZC4ou4w984HBu72DqAJ5CfcdV6tjqNOunfpdsQ==
  _: 'https://registry.npmjs.org/path-to-regexp/-/path-to-regexp-4.0.5.tgz'
pino:
 _latest: 6.3.2
 _:
  ^5.17.0: 5.17.0
 5.17.0:
  $: sha512-LqrqmRcJz8etUjyV0ddqB6OTUutCgQULPFg2b4dtijRHUsucaAdBgSUW58vY6RFSX+NT8963F+q0tM6lNwGShA==
  _: 'https://registry.npmjs.org/pino/-/pino-5.17.0.tgz'
  dependencies:
   fast-redact: ^2.0.0
   fast-safe-stringify: ^2.0.7
   flatstr: ^1.0.12
   pino-std-serializers: ^2.4.2
   quick-format-unescaped: ^3.0.3
   sonic-boom: ^0.7.5
pino-std-serializers:
 _latest: 2.4.2
 _:
  ^2.4.2: 2.4.2
 2.4.2:
  $: sha512-WaL504dO8eGs+vrK+j4BuQQq6GLKeCCcHaMB2ItygzVURcL1CycwNEUHTD/lHFHs/NL5qAz2UKrjYWXKSf4aMQ==
  _: 'https://registry.npmjs.org/pino-std-serializers/-/pino-std-serializers-2.4.2.tgz'
process-nextick-args:
 _latest: 2.0.1
 _:
  ~2.0.0: 2.0.1
 2.0.1:
  $: sha512-3ouUOpQhtgrbOa17J7+uxOTpITYWaGP7/AhoR3+A+/1e9skrzelGi/dXzEYyvbxubEF6Wn2ypscTKiKJFFn1ag==
  _: 'https://registry.npmjs.org/process-nextick-args/-/process-nextick-args-2.0.1.tgz'
proxy-addr:
 _latest: 2.0.6
 _:
  ^2.0.6: 2.0.6
 2.0.6:
  $: sha512-dh/frvCBVmSsDYzw6n926jv974gddhkFPfiN8hPOi30Wax25QZyZEGveluCgliBnqmuM+UJmBErbAUFIoDbjOw==
  _: 'https://registry.npmjs.org/proxy-addr/-/proxy-addr-2.0.6.tgz'
  dependencies:
   forwarded: ~0.1.2
   ipaddr.js: 1.9.1
punycode:
 _latest: 2.1.1
 _:
  ^2.1.0: 2.1.1
 2.1.1:
  $: sha512-XRsRjdf+j5ml+y/6GKHPZbrF/8p2Yga0JPtdqTIY2Xe5ohJPD9saDJJLPvp9+NSBprVvevdXZybnj2cv8OEd0A==
  _: 'https://registry.npmjs.org/punycode/-/punycode-2.1.1.tgz'
quick-format-unescaped:
 _latest: 4.0.1
 _:
  ^3.0.3: 3.0.3
 3.0.3:
  $: sha512-dy1yjycmn9blucmJLXOfZDx1ikZJUi6E8bBZLnhPG5gBrVhHXx2xVyqqgKBubVNEXmx51dBACMHpoMQK/N/AXQ==
  _: 'https://registry.npmjs.org/quick-format-unescaped/-/quick-format-unescaped-3.0.3.tgz'
readable-stream:
 _latest: 3.6.0
 _:
  2.3.7: 2.3.7
  '^3.4.0,^3.6.0': 3.6.0
 3.6.0:
  $: sha512-BViHy7LKeTz4oNnkcLJ+lVSL6vpiFeX6/d3oSH8zCW7UxP2onchk+vTGB143xuFjHS3deTgkKoXXymXqymiIdA==
  _: 'https://registry.npmjs.org/readable-stream/-/readable-stream-3.6.0.tgz'
  dependencies:
   inherits: ^2.0.3
   string_decoder: ^1.1.1
   util-deprecate: ^1.0.1
 2.3.7:
  $: sha512-Ebho8K4jIbHAxnuxi7o42OrZgF/ZTNcsZj6nRKyUmkhLFq8CHItp/fy6hQZuZmP/n3yZ9VBUbp4zz/mX8hmYPw==
  _: 'https://registry.npmjs.org/readable-stream/-/readable-stream-2.3.7.tgz'
  dependencies:
   core-util-is: ~1.0.0
   inherits: ~2.0.3
   isarray: ~1.0.0
   process-nextick-args: ~2.0.0
   safe-buffer: ~5.1.1
   string_decoder: ~1.1.1
   util-deprecate: ~1.0.1
require-at:
 _latest: 1.0.4
 _:
  ^1.0.4: 1.0.4
 1.0.4:
  $: sha512-6CL3iL+yh6Zq5Rakldl0EgtmMkqnEUOrUPTYtOmEbtaks/sR/E4Vgx6LEsRzJ9RbEy2oH3DpZmHYV/h0y3Oj4g==
  _: 'https://registry.npmjs.org/require-at/-/require-at-1.0.4.tgz'
ret:
 _latest: 0.3.1
 _:
  ~0.2.0: 0.2.2
 0.2.2:
  $: sha512-M0b3YWQs7R3Z917WRQy1HHA7Ba7D8hvZg6UE5mLykJxQVE2ju0IXbGlaHPPlkY+WN7wFP+wUMXmBFA0aV6vYGQ==
  _: 'https://registry.npmjs.org/ret/-/ret-0.2.2.tgz'
reusify:
 _latest: 1.0.4
 _:
  '^1.0.2,^1.0.4': 1.0.4
 1.0.4:
  $: sha512-U9nH88a3fc/ekCF1l0/UP1IosiuIjyTh7hBvXVMHYgVcfGvt897Xguj2UOLDeI5BG2m7/uwyaLVT6fbtCwTyzw==
  _: 'https://registry.npmjs.org/reusify/-/reusify-1.0.4.tgz'
rfdc:
 _latest: 1.1.4
 _:
  ^1.1.2: 1.1.4
 1.1.4:
  $: sha512-5C9HXdzK8EAqN7JDif30jqsBzavB7wLpaubisuQIGHWf2gUXSpzy6ArX/+Da8RjFpagWsCn+pIgxTMAmKw9Zug==
  _: 'https://registry.npmjs.org/rfdc/-/rfdc-1.1.4.tgz'
safe-buffer:
 _latest: 5.2.1
 _:
  '5.1.2,~5.1.0,~5.1.1': 5.1.2
 5.1.2:
  $: sha512-Gd2UZBJDkXlY7GbJxfsE8/nvKkUEU1G38c1siN6QP6a9PT9MmHB8GnpscSmMJSoF8LOIrt8ud/wPtojys4G6+g==
  _: 'https://registry.npmjs.org/safe-buffer/-/safe-buffer-5.1.2.tgz'
safe-regex2:
 _latest: 2.0.0
 _:
  ^2.0.0: 2.0.0
 2.0.0:
  $: sha512-PaUSFsUaNNuKwkBijoAPHAK6/eM6VirvyPWlZ7BAQy4D+hCvh4B6lIG+nPdhbFfIbP+gTGBcrdsOaUs0F+ZBOQ==
  _: 'https://registry.npmjs.org/safe-regex2/-/safe-regex2-2.0.0.tgz'
  dependencies:
   ret: ~0.2.0
secure-json-parse:
 _latest: 2.1.0
 _:
  ^2.1.0: 2.1.0
 2.1.0:
  $: sha512-GckO+MS/wT4UogDyoI/H/S1L0MCcKS1XX/vp48wfmU7Nw4woBmb8mIpu4zPBQjKlRT88/bt9xdoV4111jPpNJA==
  _: 'https://registry.npmjs.org/secure-json-parse/-/secure-json-parse-2.1.0.tgz'
semver:
 _latest: 7.3.2
 _:
  ^6.3.0: 6.3.0
 6.3.0:
  $: sha512-b39TBaTSfV6yBrapU89p5fKekE2m/NwnDocOVruQFS1/veMgdzuPcnOM34M6CwxW8jH/lxEa5rBoDeUwu5HHTw==
  _: 'https://registry.npmjs.org/semver/-/semver-6.3.0.tgz'
semver-store:
 _latest: 0.3.0
 _:
  ^0.3.0: 0.3.0
 0.3.0:
  $: sha512-TcZvGMMy9vodEFSse30lWinkj+JgOBvPn8wRItpQRSayhc+4ssDs335uklkfvQQJgL/WvmHLVj4Ycv2s7QCQMg==
  _: 'https://registry.npmjs.org/semver-store/-/semver-store-0.3.0.tgz'
set-cookie-parser:
 _latest: 2.4.6
 _:
  ^2.4.1: 2.4.6
 2.4.6:
  $: sha512-mNCnTUF0OYPwYzSHbdRdCfNNHqrne+HS5tS5xNb6yJbdP9wInV0q5xPLE0EyfV/Q3tImo3y/OXpD8Jn0Jtnjrg==
  _: 'https://registry.npmjs.org/set-cookie-parser/-/set-cookie-parser-2.4.6.tgz'
sonic-boom:
 _latest: 1.0.1
 _:
  ^0.7.5: 0.7.7
 0.7.7:
  $: sha512-Ei5YOo5J64GKClHIL/5evJPgASXFVpfVYbJV9PILZQytTK6/LCwHvsZJW2Ig4p9FMC2OrBrMnXKgRN/OEoAWfg==
  _: 'https://registry.npmjs.org/sonic-boom/-/sonic-boom-0.7.7.tgz'
  dependencies:
   atomic-sleep: ^1.0.0
   flatstr: ^1.0.12
sprintf-js:
 _latest: 1.1.2
 _:
  ~1.0.2: 1.0.3
 1.0.3:
  $: sha1-BOaSb2YolTVPPdAVIDYzuFcpfiw=
  _: 'https://registry.npmjs.org/sprintf-js/-/sprintf-js-1.0.3.tgz'
sqlstring:
 _latest: 2.3.2
 _:
  2.3.1: 2.3.1
 2.3.1:
  $: sha1-R1OT/56RR5rqYtyvDKPRSYOn+0A=
  _: 'https://registry.npmjs.org/sqlstring/-/sqlstring-2.3.1.tgz'
string-similarity:
 _latest: 4.0.1
 _:
  ^4.0.1: 4.0.1
 4.0.1:
  $: sha512-v36MJzloekKVvKAsYi6O/qpn2mIuvwEFIT9Gx3yg4spkNjXYsk7yxc37g4ZTyMVIBvt/9PZGxnqEtme8XHK+Mw==
  _: 'https://registry.npmjs.org/string-similarity/-/string-similarity-4.0.1.tgz'
string_decoder:
 _latest: 1.3.0
 _:
  '^1.1.1,~1.1.1': 1.1.1
 1.1.1:
  $: sha512-n/ShnvDi6FHbbVfviro+WojiFzv+s8MPMHBczVePfUpDJLwoLT0ht1l4YwBCbi8pJAveEEdnkHyPyTP/mzRfwg==
  _: 'https://registry.npmjs.org/string_decoder/-/string_decoder-1.1.1.tgz'
  dependencies:
   safe-buffer: ~5.1.0
supports-color:
 _latest: 7.1.0
 _:
  ^7.1.0: 7.1.0
 7.1.0:
  $: sha512-oRSIpR8pxT1Wr2FquTNnGet79b3BWljqOuoW/h4oBhxJ/HUbX5nX6JSruTkvXDCFMwDPvsaTTbvMLKZWSy0R5g==
  _: 'https://registry.npmjs.org/supports-color/-/supports-color-7.1.0.tgz'
  dependencies:
   has-flag: ^4.0.0
tiny-lru:
 _latest: 7.0.6
 _:
  ^7.0.2: 7.0.6
 7.0.6:
  $: sha512-zNYO0Kvgn5rXzWpL0y3RS09sMK67eGaQj9805jlK9G6pSadfriTczzLHFXa/xcW4mIRfmlB9HyQ/+SgL0V1uow==
  _: 'https://registry.npmjs.org/tiny-lru/-/tiny-lru-7.0.6.tgz'
uri-js:
 _latest: 4.2.2
 _:
  ^4.2.2: 4.2.2
 4.2.2:
  $: sha512-KY9Frmirql91X2Qgjry0Wd4Y+YTdrdZheS8TFwvkbLWf/G5KNJDCh6pKL5OZctEW4+0Baa5idK2ZQuELRwPznQ==
  _: 'https://registry.npmjs.org/uri-js/-/uri-js-4.2.2.tgz'
  dependencies:
   punycode: ^2.1.0
util-deprecate:
 _latest: 1.0.2
 _:
  '^1.0.1,~1.0.1': 1.0.2
 1.0.2:
  $: sha1-RQ1Nyfpw3nMnYvvS1KKJgUGaDM8=
  _: 'https://registry.npmjs.org/util-deprecate/-/util-deprecate-1.0.2.tgz'
xaa:
 _latest: 1.6.0
 _:
  ^1.6.0: 1.6.0
 1.6.0:
  $: sha512-BbxlOEfA3ndnab9cbHvUWh3Ow0rhVaiTgxwPaRrBdW6tcIGoR8ks7PuGLYvijuasclX9I1jfAiUC+V09knYWgQ==
  _: 'https://registry.npmjs.org/xaa/-/xaa-1.6.0.tgz'
